
Microsoft Visual Studio Solution File, Format Version 12.00
# Visual Studio Version 17
VisualStudioVersion = 17.0.31611.283
MinimumVisualStudioVersion = 10.0.40219.1
Project("{9A19103F-16F7-4668-BE54-9A1E7A4F7556}") = "MauiApp", "MauiApp\MauiApp.csproj", "{A30B9722-B435-47FB-B7E4-6031166F151A}"
EndProject
Project("{FAE04EC0-301F-11D3-BF4B-00C04F79EFBC}") = "MAUITestsProject", "MAUITestsProject\MAUITestsProject.csproj", "{A24F3977-07B5-4D71-A8C9-666B8A0A8944}"
EndProject
Global
	GlobalSection(SolutionConfigurationPlatforms) = preSolution
		Debug|Any CPU = Debug|Any CPU
		Release|Any CPU = Release|Any CPU
	EndGlobalSection
	GlobalSection(ProjectConfigurationPlatforms) = postSolution
		{A30B9722-B435-47FB-B7E4-6031166F151A}.Debug|Any CPU.ActiveCfg = Debug|Any CPU
		{A30B9722-B435-47FB-B7E4-6031166F151A}.Debug|Any CPU.Build.0 = Debug|Any CPU
		{A30B9722-B435-47FB-B7E4-6031166F151A}.Debug|Any CPU.Deploy.0 = Debug|Any CPU
		{A30B9722-B435-47FB-B7E4-6031166F151A}.Release|Any CPU.ActiveCfg = Release|Any CPU
		{A30B9722-B435-47FB-B7E4-6031166F151A}.Release|Any CPU.Build.0 = Release|Any CPU
		{A30B9722-B435-47FB-B7E4-6031166F151A}.Release|Any CPU.Deploy.0 = Release|Any CPU
		{A24F3977-07B5-4D71-A8C9-666B8A0A8944}.Debug|Any CPU.ActiveCfg = Debug|Any CPU
		{A24F3977-07B5-4D71-A8C9-666B8A0A8944}.Debug|Any CPU.Build.0 = Debug|Any CPU
		{A24F3977-07B5-4D71-A8C9-666B8A0A8944}.Release|Any CPU.ActiveCfg = Release|Any CPU
		{A24F3977-07B5-4D71-A8C9-666B8A0A8944}.Release|Any CPU.Build.0 = Release|Any CPU
	EndGlobalSection
	GlobalSection(SolutionProperties) = preSolution
		HideSolutionNode = FALSE
	EndGlobalSection
	GlobalSection(ExtensibilityGlobals) = postSolution
		SolutionGuid = {61F7FB11-1E47-470C-91E2-47F8143E1572}
	EndGlobalSection
EndGlobal
